lockfileVersion: '9.0'

settings:
  autoInstallPeers: true
  excludeLinksFromLockfile: false

importers:

  .:
    dependencies:
      '@near-js/client':
        specifier: ^2.0.1
        version: 2.0.1(n6i3er5cwaibmuy33fms6oggnm)
      '@near-js/crypto':
        specifier: ^2.0.1
        version: 2.0.1(@near-js/types@2.0.1)(@near-js/utils@2.0.1(@near-js/types@2.0.1))
      '@near-js/keystores-browser':
        specifier: ^2.0.1
        version: 2.0.1(@near-js/types@2.0.1)(@near-js/utils@2.0.1(@near-js/types@2.0.1))
      '@near-js/keystores-node':
        specifier: ^2.0.1
        version: 2.0.1(@near-js/crypto@2.0.1(@near-js/types@2.0.1)(@near-js/utils@2.0.1(@near-js/types@2.0.1)))(@near-js/keystores@2.0.1(@near-js/crypto@2.0.1(@near-js/types@2.0.1)(@near-js/utils@2.0.1(@near-js/types@2.0.1)))(@near-js/types@2.0.1))
      '@near-js/signers':
        specifier: ^2.0.1
        version: 2.0.1(@near-js/crypto@2.0.1(@near-js/types@2.0.1)(@near-js/utils@2.0.1(@near-js/types@2.0.1)))(@near-js/keystores@2.0.1(@near-js/crypto@2.0.1(@near-js/types@2.0.1)(@near-js/utils@2.0.1(@near-js/types@2.0.1)))(@near-js/types@2.0.1))(@near-js/transactions@2.0.1(@near-js/crypto@2.0.1(@near-js/types@2.0.1)(@near-js/utils@2.0.1(@near-js/types@2.0.1)))(@near-js/types@2.0.1)(@near-js/utils@2.0.1(@near-js/types@2.0.1)))
      '@near-js/tokens':
        specifier: ^2.0.1
        version: 2.0.1
      cbor-x:
        specifier: ^1.6.0
        version: 1.6.0
      dotenv:
        specifier: ^16.5.0
        version: 16.5.0
      near-seed-phrase:
        specifier: ^0.2.1
        version: 0.2.1
    devDependencies:
      concurrently:
        specifier: ^9.1.2
        version: 9.1.2

packages:

  '@cbor-extract/cbor-extract-darwin-arm64@2.2.0':
    resolution: {integrity: sha512-P7swiOAdF7aSi0H+tHtHtr6zrpF3aAq/W9FXx5HektRvLTM2O89xCyXF3pk7pLc7QpaY7AoaE8UowVf9QBdh3w==}
    cpu: [arm64]
    os: [darwin]

  '@cbor-extract/cbor-extract-darwin-x64@2.2.0':
    resolution: {integrity: sha512-1liF6fgowph0JxBbYnAS7ZlqNYLf000Qnj4KjqPNW4GViKrEql2MgZnAsExhY9LSy8dnvA4C0qHEBgPrll0z0w==}
    cpu: [x64]
    os: [darwin]

  '@cbor-extract/cbor-extract-linux-arm64@2.2.0':
    resolution: {integrity: sha512-rQvhNmDuhjTVXSPFLolmQ47/ydGOFXtbR7+wgkSY0bdOxCFept1hvg59uiLPT2fVDuJFuEy16EImo5tE2x3RsQ==}
    cpu: [arm64]
    os: [linux]

  '@cbor-extract/cbor-extract-linux-arm@2.2.0':
    resolution: {integrity: sha512-QeBcBXk964zOytiedMPQNZr7sg0TNavZeuUCD6ON4vEOU/25+pLhNN6EDIKJ9VLTKaZ7K7EaAriyYQ1NQ05s/Q==}
    cpu: [arm]
    os: [linux]

  '@cbor-extract/cbor-extract-linux-x64@2.2.0':
    resolution: {integrity: sha512-cWLAWtT3kNLHSvP4RKDzSTX9o0wvQEEAj4SKvhWuOVZxiDAeQazr9A+PSiRILK1VYMLeDml89ohxCnUNQNQNCw==}
    cpu: [x64]
    os: [linux]

  '@cbor-extract/cbor-extract-win32-x64@2.2.0':
    resolution: {integrity: sha512-l2M+Z8DO2vbvADOBNLbbh9y5ST1RY5sqkWOg/58GkUPBYou/cuNZ68SGQ644f1CvZ8kcOxyZtw06+dxWHIoN/w==}
    cpu: [x64]
    os: [win32]

  '@near-js/accounts@2.0.1':
    resolution: {integrity: sha512-RLkE4Fta5ip0IXcr0fQEBir5pZN+yInAqetDvW1XEjxMeW14WvCGYNouuhOQq13jvUmSsWG95PEke6zUsUswLg==}
    peerDependencies:
      '@near-js/crypto': ^2.0.1
      '@near-js/providers': ^2.0.1
      '@near-js/signers': ^2.0.1
      '@near-js/transactions': ^2.0.1
      '@near-js/types': ^2.0.1
      '@near-js/utils': ^2.0.1

  '@near-js/client@2.0.1':
    resolution: {integrity: sha512-bz8/BGNIq4wV/fOOonuPiFXjIpR7cwulDKdcUw5DrTHHGfxAT4W3Ytg+2txZsNMd/WFGbGF6Dx2CdY1SGluGvQ==}
    peerDependencies:
      '@near-js/accounts': ^2.0.1
      '@near-js/crypto': ^2.0.1
      '@near-js/keystores': ^2.0.1
      '@near-js/providers': ^2.0.1
      '@near-js/signers': ^2.0.1
      '@near-js/transactions': ^2.0.1
      '@near-js/types': ^2.0.1
      '@near-js/utils': ^2.0.1

  '@near-js/crypto@2.0.1':
    resolution: {integrity: sha512-UyH0by2a2XR4i1SctuwWprWpsLIL8uGX/XUbTxMAqOxbPWwvt/DGuG/eZFLoEQPyfuU5nLwkVuovrJXH/xSttA==}
    peerDependencies:
      '@near-js/types': ^2.0.1
      '@near-js/utils': ^2.0.1

  '@near-js/keystores-browser@2.0.1':
    resolution: {integrity: sha512-4UpAFdT+eAmOzAGbYKuCYZpwkPi9Nl90L9geMXv5UtvN1zRIyXAuREdmTmK3idwQrVNoq4JxzzjCKMTeL/+zeQ==}

  '@near-js/keystores-node@2.0.1':
    resolution: {integrity: sha512-CbAne0McTuQLcnAFqbmPrE1C4n36AO5QY0b+sLbl1y5CXMIVaRcGUEywq3brlNaHSh7U3oajMRthbl5mVg/xtA==}
    peerDependencies:
      '@near-js/crypto': ^2.0.1
      '@near-js/keystores': ^2.0.1

  '@near-js/keystores@2.0.1':
    resolution: {integrity: sha512-KqUAGwCU+0N04jmFTGfnrMo3G3wZWvNUNH2Soaxm+mUfKjjo1Q5eGicSCVfsUU0v8x04uPta4RfMHFh7aN3/Cg==}
    peerDependencies:
      '@near-js/crypto': ^2.0.1
      '@near-js/types': ^2.0.1

  '@near-js/providers@2.0.1':
    resolution: {integrity: sha512-SUWhm9F9mXU2l4tPtRL+WSBYT+CR/yC60YARlI107Pes7kHKHomWC9lU30M2u0W6cWALrGZKEL5nLpTIpDMGWQ==}
    peerDependencies:
      '@near-js/crypto': ^2.0.1
      '@near-js/transactions': ^2.0.1
      '@near-js/types': ^2.0.1
      '@near-js/utils': ^2.0.1

  '@near-js/signers@2.0.1':
    resolution: {integrity: sha512-ip9R4zmqo4HFlV+k7iXLCth0UkbHw8bV+WSKc5XaIqkgO2BGiUaV+Y6L/3qqCC8Gga/VPDXQtdV38JjcNuHS2w==}
    peerDependencies:
      '@near-js/crypto': ^2.0.1
      '@near-js/keystores': ^2.0.1
      '@near-js/transactions': ^2.0.1

  '@near-js/tokens@2.0.1':
    resolution: {integrity: sha512-Ghb/PV75HGF3lSCh4PP7veFtJreNCEnblSlmy4+Jwu69bxhGjvgsoyUqAfkRalvk/guz4TNGiG4fA4GBkOK7mQ==}

  '@near-js/transactions@2.0.1':
    resolution: {integrity: sha512-dDS8U0WrtKzEUFiCMQlwS2MDouRIBujNzz+hsafJHMSJ5aT8aFpzHTaQqo17zKF6sOk+QbA+PQFp90G76aWF3A==}
    peerDependencies:
      '@near-js/crypto': ^2.0.1
      '@near-js/types': ^2.0.1
      '@near-js/utils': ^2.0.1

  '@near-js/types@2.0.1':
    resolution: {integrity: sha512-kXvAqp8oAc9vnhIlUCazfMx/eHhbyBPA0R0rwZ7ItbdV9tuQhI+lbf3C0EHcCG7NgopDLmf5MpbeIqgOcU3iMg==}

  '@near-js/utils@2.0.1':
    resolution: {integrity: sha512-/i8DF5s/cEW77I2iA2SuTpvbG8j4F9ieiO8visCGp5wrjWepSlxWl0B2DxXRlNLkvTui5k8aK9VWTxGK6uni6Q==}
    peerDependencies:
      '@near-js/types': ^2.0.1

  '@noble/curves@1.8.1':
    resolution: {integrity: sha512-warwspo+UYUPep0Q+vtdVB4Ugn8GGQj8iyB3gnRWsztmUHTI3S1nhdiWNsPUGL0vud7JlRRk1XEu7Lq1KGTnMQ==}
    engines: {node: ^14.21.3 || >=16}

  '@noble/hashes@1.7.1':
    resolution: {integrity: sha512-B8XBPsn4vT/KJAGqDzbwztd+6Yte3P4V7iafm24bxgDe/mlRuK6xmWPuCNrKt2vDafZ8MfJLlchDG/vYafQEjQ==}
    engines: {node: ^14.21.3 || >=16}

  '@scure/base@1.2.5':
    resolution: {integrity: sha512-9rE6EOVeIQzt5TSu4v+K523F8u6DhBsoZWPGKlnCshhlDhy0kJzUX4V+tr2dWmzF1GdekvThABoEQBGBQI7xZw==}

  '@types/json-schema@7.0.15':
    resolution: {integrity: sha512-5+fP8P8MFNC+AyZCDxrB2pkZFPGzqQWUzpSeuuVLvm8VMcorNYavBqoFcxK8bQz4Qsbn4oUEEem4wDLfcysGHA==}

  '@types/node@11.11.6':
    resolution: {integrity: sha512-Exw4yUWMBXM3X+8oqzJNRqZSwUAaS4+7NdvHqQuFi/d+synz++xmX3QIf+BFqneW8N31R8Ky+sikfZUXq07ggQ==}

  ansi-regex@5.0.1:
    resolution: {integrity: sha512-quJQXlTSUGL2LH9SUXo8VwsY4soanhgo6LNSm84E1LBcE8s3O0wpdiRzyR9z/ZZJMlMWv37qOOb9pdJlMUEKFQ==}
    engines: {node: '>=8'}

  ansi-styles@4.3.0:
    resolution: {integrity: sha512-zbB9rCJAT1rbjiVDb2hqKFHNYLxgtk8NURxZ3IZwD3F6NtxbXZQCnnSi1Lkx+IDohdPlFp222wVALIheZJQSEg==}
    engines: {node: '>=8'}

  base-x@3.0.11:
    resolution: {integrity: sha512-xz7wQ8xDhdyP7tQxwdteLYeFfS68tSMNCZ/Y37WJ4bhGfKPpqEIlmIyueQHqOyoPhE6xNUqjzRr8ra0eF9VRvA==}

  bip39-light@1.0.7:
    resolution: {integrity: sha512-WDTmLRQUsiioBdTs9BmSEmkJza+8xfJmptsNJjxnoq3EydSa/ZBXT6rm66KoT3PJIRYMnhSKNR7S9YL1l7R40Q==}

  bip39@3.0.2:
    resolution: {integrity: sha512-J4E1r2N0tUylTKt07ibXvhpT2c5pyAFgvuA5q1H9uDy6dEGpjV8jmymh3MTYJDLCNbIVClSB9FbND49I6N24MQ==}

  bn.js@4.12.2:
    resolution: {integrity: sha512-n4DSx829VRTRByMRGdjQ9iqsN0Bh4OolPsFnaZBLcbi8iXcB+kJ9s7EnRt4wILZNV3kPLHkRVfOc/HvhC3ovDw==}

  borsh@1.0.0:
    resolution: {integrity: sha512-fSVWzzemnyfF89EPwlUNsrS5swF5CrtiN4e+h0/lLf4dz2he4L3ndM20PS9wj7ICSkXJe/TQUHdaPTq15b1mNQ==}

  brorand@1.1.0:
    resolution: {integrity: sha512-cKV8tMCEpQs4hK/ik71d6LrPOnpkpGBR0wzxqr68g2m/LB2GxVYQroAjMJZRVM1Y4BCjCKc3vAamxSzOY2RP+w==}

  bs58@4.0.1:
    resolution: {integrity: sha512-Ok3Wdf5vOIlBrgCvTq96gBkJw+JUEzdBgyaza5HLtPm7yTHkjRy8+JzNyHF7BHa0bNWOQIp3m5YF0nnFcOIKLw==}

  cbor-extract@2.2.0:
    resolution: {integrity: sha512-Ig1zM66BjLfTXpNgKpvBePq271BPOvu8MR0Jl080yG7Jsl+wAZunfrwiwA+9ruzm/WEdIV5QF/bjDZTqyAIVHA==}
    hasBin: true

  cbor-x@1.6.0:
    resolution: {integrity: sha512-0kareyRwHSkL6ws5VXHEf8uY1liitysCVJjlmhaLG+IXLqhSaOO+t63coaso7yjwEzWZzLy8fJo06gZDVQM9Qg==}

  chalk@4.1.2:
    resolution: {integrity: sha512-oKnbhFyRIXpUuez8iBMmyEa4nbj4IOQyuhc/wy9kY7/WVPcwIO9VA668Pu8RkO7+0G76SLROeyw9CpQ061i4mA==}
    engines: {node: '>=10'}

  cipher-base@1.0.6:
    resolution: {integrity: sha512-3Ek9H3X6pj5TgenXYtNWdaBon1tgYCaebd+XPg0keyjEbEfkD4KkmAxkQ/i1vYvxdcT5nscLBfq9VJRmCBcFSw==}
    engines: {node: '>= 0.10'}

  cliui@8.0.1:
    resolution: {integrity: sha512-BSeNnyus75C4//NQ9gQt1/csTXyo/8Sb+afLAkzAptFuMsod9HFokGNudZpi/oQV73hnVK+sR+5PVRMd+Dr7YQ==}
    engines: {node: '>=12'}

  color-convert@2.0.1:
    resolution: {integrity: sha512-RRECPsj7iu/xb5oKYcsFHSppFNnsj/52OVTRKb4zP5onXwVF3zVmmToNcOfGC+CRDpfK/U584fMg38ZHCaElKQ==}
    engines: {node: '>=7.0.0'}

  color-name@1.1.4:
    resolution: {integrity: sha512-dOy+3AuW3a2wNbZHIuMZpTcgjGuLU/uBL/ubcZF9OXbDo8ff4O8yVp5Bf0efS8uEoYo5q4Fx7dY9OgQGXgAsQA==}

  concurrently@9.1.2:
    resolution: {integrity: sha512-H9MWcoPsYddwbOGM6difjVwVZHl63nwMEwDJG/L7VGtuaJhb12h2caPG2tVPWs7emuYix252iGfqOyrz1GczTQ==}
    engines: {node: '>=18'}
    hasBin: true

  create-hash@1.2.0:
    resolution: {integrity: sha512-z00bCGNHDG8mHAkP7CtT1qVu+bFQUPjYq/4Iv3C3kWjTFV10zIjfSoeqXo9Asws8gwSHDGj/hl2u4OGIjapeCg==}

  create-hmac@1.1.7:
    resolution: {integrity: sha512-MJG9liiZ+ogc4TzUwuvbER1JRdgvUFSB5+VR/g5h82fGaIRWMWddtKBHi7/sVhfjQZ6SehlyhvQYrcYkaUIpLg==}

  depd@2.0.0:
    resolution: {integrity: sha512-g7nH6P6dyDioJogAAGprGpCtVImJhpPk/roCzdb3fIh61/s/nPsfR6onyMwkCAR/OlC3yBC0lESvUoQEAssIrw==}
    engines: {node: '>= 0.8'}

  detect-libc@2.0.4:
    resolution: {integrity: sha512-3UDv+G9CsCKO1WKMGw9fwq/SWJYbI0c5Y7LU1AXYoDdbhE2AHQ6N6Nb34sG8Fj7T5APy8qXDCKuuIHd1BR0tVA==}
    engines: {node: '>=8'}

  dotenv@16.5.0:
    resolution: {integrity: sha512-m/C+AwOAr9/W1UOIZUo232ejMNnJAJtYQjUbHoNTBNTJSvqzzDh7vnrei3o3r3m9blf6ZoDkvcw0VmozNRFJxg==}
    engines: {node: '>=12'}

  elliptic@6.6.1:
    resolution: {integrity: sha512-RaddvvMatK2LJHqFJ+YA4WysVN5Ita9E35botqIYspQ4TkRAlCicdzKOjlyv/1Za5RyTNn7di//eEV0uTAfe3g==}

  emoji-regex@8.0.0:
    resolution: {integrity: sha512-MSjYzcWNOA0ewAHpz0MxpYFvwg6yjy1NG3xteoqz644VCo/RPgnr1/GGt+ic3iJTzQ8Eu3TdM14SawnVUmGE6A==}

  escalade@3.2.0:
    resolution: {integrity: sha512-WUj2qlxaQtO4g6Pq5c29GTcWGDyd8itL8zTlipgECz3JesAiiOKotd8JU6otB3PACgG6xkJUyVhboMS+bje/jA==}
    engines: {node: '>=6'}

  exponential-backoff@3.1.2:
    resolution: {integrity: sha512-8QxYTVXUkuy7fIIoitQkPwGonB8F3Zj8eEO8Sqg9Zv/bkI7RJAzowee4gr81Hak/dUTpA2Z7VfQgoijjPNlUZA==}

  generate-function@2.3.1:
    resolution: {integrity: sha512-eeB5GfMNeevm/GRYq20ShmsaGcmI81kIX2K9XQx5miC8KdHaC6Jm0qQ8ZNeGOi7wYB8OsdxKs+Y2oVuTFuVwKQ==}

  generate-object-property@1.2.0:
    resolution: {integrity: sha512-TuOwZWgJ2VAMEGJvAyPWvpqxSANF0LDpmyHauMjFYzaACvn+QTT/AZomvPCzVBV7yDN3OmwHQ5OvHaeLKre3JQ==}

  get-caller-file@2.0.5:
    resolution: {integrity: sha512-DyFP3BM/3YHTQOCUL/w0OZHR0lpKeGrxotcHWcqNEdnltqFwXVfhEBQ94eIo34AfQpo0rGki4cyIiftY06h2Fg==}
    engines: {node: 6.* || 8.* || >= 10.*}

  has-flag@4.0.0:
    resolution: {integrity: sha512-EykJT/Q1KjTWctppgIAgfSO0tKVuZUjhgMr17kqTumMl6Afv3EISleU7qZUzoXDFTAHTDC4NOoG/ZxU3EvlMPQ==}
    engines: {node: '>=8'}

  hash-base@3.1.0:
    resolution: {integrity: sha512-1nmYp/rhMDiE7AYkDw+lLwlAzz0AntGIe51F3RfFfEqyQ3feY2eI/NcwC6umIQVOASPMsWJLJScWKSSvzL9IVA==}
    engines: {node: '>=4'}

  hash.js@1.1.7:
    resolution: {integrity: sha512-taOaskGt4z4SOANNseOviYDvjEJinIkRgmp7LbKP2YTTmVxWBl87s/uzK9r+44BclBSp2X7K1hqeNfz9JbBeXA==}

  hmac-drbg@1.0.1:
    resolution: {integrity: sha512-Tti3gMqLdZfhOQY1Mzf/AanLiqh1WTiJgEj26ZuYQ9fbkLomzGchCws4FyrSd4VkpBfiNhaE1On+lOz894jvXg==}

  inherits@2.0.4:
    resolution: {integrity: sha512-k/vGaX4/Yla3WzyMCvTQOXYeIHvqOKtnqBduzTHpzpQZzAskKMhZ2K+EnBiSM9zGSoIFeMpXKxa4dYeZIQqewQ==}

  is-fullwidth-code-point@3.0.0:
    resolution: {integrity: sha512-zymm5+u+sCsSWyD9qNaejV3DFvhCKclKdizYaJUuHA83RLjb7nSuGnddCHGv0hk+KY7BMAlsWeK4Ueg6EV6XQg==}
    engines: {node: '>=8'}

  is-my-ip-valid@1.0.1:
    resolution: {integrity: sha512-jxc8cBcOWbNK2i2aTkCZP6i7wkHF1bqKFrwEHuN5Jtg5BSaZHUZQ/JTOJwoV41YvHnOaRyWWh72T/KvfNz9DJg==}

  is-my-json-valid@2.20.6:
    resolution: {integrity: sha512-1JQwulVNjx8UqkPE/bqDaxtH4PXCe/2VRh/y3p99heOV87HG4Id5/VfDswd+YiAfHcRTfDlWgISycnHuhZq1aw==}

  is-property@1.0.2:
    resolution: {integrity: sha512-Ks/IoX00TtClbGQr4TWXemAnktAQvYB7HzcCxDGqEZU6oCmb2INHuOoKxbtR+HFkmYWBKv/dOZtGRiAjDhj92g==}

  jsonpointer@5.0.1:
    resolution: {integrity: sha512-p/nXbhSEcu3pZRdkW1OfJhpsVtW1gd4Wa1fnQc9YLiTfAjn0312eMKimbdIQzuZl9aa9xUGaRlP9T/CJE/ditQ==}
    engines: {node: '>=0.10.0'}

  lodash@4.17.21:
    resolution: {integrity: sha512-v2kDEe57lecTulaDIuNTPy3Ry4gLGJ6Z1O3vE1krgXZNrsQ+LFTGHVxVjcXPs17LhbZVGedAJv8XZ1tvj5FvSg==}

  lru_map@0.4.1:
    resolution: {integrity: sha512-I+lBvqMMFfqaV8CJCISjI3wbjmwVu/VyOoU7+qtu9d7ioW5klMgsTTiUOUp+DJvfTTzKXoPbyC6YfgkNcyPSOg==}

  md5.js@1.3.5:
    resolution: {integrity: sha512-xitP+WxNPcTTOgnTJcrhM0xvdPepipPSf3I8EIpGKeFLjt3PlJLIDG3u8EX53ZIubkb+5U2+3rELYpEhHhzdkg==}

  minimalistic-assert@1.0.1:
    resolution: {integrity: sha512-UtJcAD4yEaGtjPezWuO9wC4nwUnVH/8/Im3yEHQP4b67cXlD/Qr9hdITCU1xDbSEXg2XKNaP8jsReV7vQd00/A==}

  minimalistic-crypto-utils@1.0.1:
    resolution: {integrity: sha512-JIYlbt6g8i5jKfJ3xz7rF0LXmv2TkDxBLUkiBeZ7bAx4GnnNMr8xFpGnOxn6GhTEHx3SjRrZEoU+j04prX1ktg==}

  mustache@4.0.0:
    resolution: {integrity: sha512-FJgjyX/IVkbXBXYUwH+OYwQKqWpFPLaLVESd70yHjSDunwzV2hZOoTBvPf4KLoxesUzzyfTH6F784Uqd7Wm5yA==}
    engines: {npm: '>=1.4.0'}
    hasBin: true

  near-abi@0.2.0:
    resolution: {integrity: sha512-kCwSf/3fraPU2zENK18sh+kKG4uKbEUEQdyWQkmW8ZofmLarObIz2+zAYjA1teDZLeMvEQew3UysnPDXgjneaA==}

  near-hd-key@1.2.1:
    resolution: {integrity: sha512-SIrthcL5Wc0sps+2e1xGj3zceEa68TgNZDLuCx0daxmfTP7sFTB3/mtE2pYhlFsCxWoMn+JfID5E1NlzvvbRJg==}

  near-seed-phrase@0.2.1:
    resolution: {integrity: sha512-feMuums+kVL3LSuPcP4ld07xHCb2mu6z48SGfP3W+8tl1Qm5xIcjiQzY2IDPBvFgajRDxWSb8GzsRHoInazByw==}

  node-addon-api@5.1.0:
    resolution: {integrity: sha512-eh0GgfEkpnoWDq+VY8OyvYhFEzBk6jIYbRKdIlyTiAXIVJ8PyBaKb0rp7oDtoddbdoHWhq8wwr+XZ81F1rpNdA==}

  node-fetch@2.6.7:
    resolution: {integrity: sha512-ZjMPFEfVx5j+y2yF35Kzx5sF7kDzxuDj6ziH4FFbOp87zKDZNx8yExJIb05OGF4Nlt9IHFIMBkRl41VdvcNdbQ==}
    engines: {node: 4.x || >=6.0.0}
    peerDependencies:
      encoding: ^0.1.0
    peerDependenciesMeta:
      encoding:
        optional: true

  node-gyp-build-optional-packages@5.1.1:
    resolution: {integrity: sha512-+P72GAjVAbTxjjwUmwjVrqrdZROD4nf8KgpBoDxqXXTiYZZt/ud60dE5yvCSr9lRO8e8yv6kgJIC0K0PfZFVQw==}
    hasBin: true

  node-gyp-build@4.8.4:
    resolution: {integrity: sha512-LA4ZjwlnUblHVgq0oBF3Jl/6h/Nvs5fzBLwdEF4nuxnFdsfajde4WfxtJr3CaiH+F6ewcIB/q4jQ4UzPyid+CQ==}
    hasBin: true

  pbkdf2@3.1.2:
    resolution: {integrity: sha512-iuh7L6jA7JEGu2WxDwtQP1ddOpaJNC4KlDEFfdQajSGgGPNi4OyDc2R7QnbY2bR9QjBVGwgvTdNJZoE7RaxUMA==}
    engines: {node: '>=0.12'}

  randombytes@2.1.0:
    resolution: {integrity: sha512-vYl3iOX+4CKUWuxGi9Ukhie6fsqXqS9FE2Zaic4tNFD2N2QQaXOMFbuKK4QmDHC0JO6B1Zp41J0LpT0oR68amQ==}

  readable-stream@3.6.2:
    resolution: {integrity: sha512-9u/sniCrY3D5WdsERHzHE4G2YCXqoG5FTHUiCC4SIbr6XcLZBY05ya9EKjYek9O5xOAwjGq+1JdGBAS7Q9ScoA==}
    engines: {node: '>= 6'}

  require-directory@2.1.1:
    resolution: {integrity: sha512-fGxEI7+wsG9xrvdjsrlmL22OMTTiHRwAMroiEeMgq8gzoLC/PQr7RsRDSTLUg/bZAZtF+TVIkHc6/4RIKrui+Q==}
    engines: {node: '>=0.10.0'}

  ripemd160@2.0.2:
    resolution: {integrity: sha512-ii4iagi25WusVoiC4B4lq7pbXfAp3D9v5CwfkY33vffw2+pkDjY1D8GaN7spsxvCSx8dkPqOZCEZyfxcmJG2IA==}

  rxjs@7.8.2:
    resolution: {integrity: sha512-dhKf903U/PQZY6boNNtAGdWbG85WAbjT/1xYoZIC7FAY0yWapOBQVsVrDl58W86//e1VpMNBtRV4MaXfdMySFA==}

  safe-buffer@5.2.1:
    resolution: {integrity: sha512-rp3So07KcdmmKbGvgaNxQSJr7bGVSVk5S9Eq1F+ppbRo70+YeaDxkw5Dd8NPN+GD6bjnYm2VuPuCXmpuYvmCXQ==}

  secp256k1@5.0.1:
    resolution: {integrity: sha512-lDFs9AAIaWP9UCdtWrotXWWF9t8PWgQDcxqgAnpM9rMqxb3Oaq2J0thzPVSxBwdJgyQtkU/sYtFtbM1RSt/iYA==}
    engines: {node: '>=18.0.0'}

  sha.js@2.4.11:
    resolution: {integrity: sha512-QMEp5B7cftE7APOjk5Y6xgrbWu+WkLVQwk8JNjZ8nKRciZaByEW6MubieAiToS7+dwvrjGhH8jRXz3MVd0AYqQ==}
    hasBin: true

  shell-quote@1.8.2:
    resolution: {integrity: sha512-AzqKpGKjrj7EM6rKVQEPpB288oCfnrEIuyoT9cyF4nmGa7V8Zk6f7RRqYisX8X9m+Q7bd632aZW4ky7EhbQztA==}
    engines: {node: '>= 0.4'}

  string-width@4.2.3:
    resolution: {integrity: sha512-wKyQRQpjJ0sIp62ErSZdGsjMJWsap5oRNihHhu6G7JVO/9jIB6UyevL+tXuOqrng8j/cxKTWyWUwvSTriiZz/g==}
    engines: {node: '>=8'}

  string_decoder@1.3.0:
    resolution: {integrity: sha512-hkRX8U1WjJFd8LsDJ2yQ/wWWxaopEsABU1XfkM8A+j0+85JAGppt16cr1Whg6KIbb4okU6Mql6BOj+uup/wKeA==}

  strip-ansi@6.0.1:
    resolution: {integrity: sha512-Y38VPSHcqkFrCpFnQ9vuSXmquuv5oXOKpGeT6aGrr3o3Gc9AlVa6JBfUSOCnbxGGZF+/0ooI7KrPuUSztUdU5A==}
    engines: {node: '>=8'}

  supports-color@7.2.0:
    resolution: {integrity: sha512-qpCAvRl9stuOHveKsn7HncJRvv501qIacKzQlO/+Lwxc9+0q2wLyv4Dfvt80/DPn2pqOBsJdDiogXGR9+OvwRw==}
    engines: {node: '>=8'}

  supports-color@8.1.1:
    resolution: {integrity: sha512-MpUEN2OodtUzxvKQl72cUF7RQ5EiHsGvSsVG0ia9c5RbWGL2CI4C7EpPS8UTBIplnlzZiNuV56w+FuNxy3ty2Q==}
    engines: {node: '>=10'}

  tr46@0.0.3:
    resolution: {integrity: sha512-N3WMsuqV66lT30CrXNbEjx4GEwlow3v6rr4mCcv6prnfwhS01rkgyFdjPNBYd9br7LpXV1+Emh01fHnq2Gdgrw==}

  tree-kill@1.2.2:
    resolution: {integrity: sha512-L0Orpi8qGpRG//Nd+H90vFB+3iHnue1zSSGmNOOCh1GLJ7rUKVwV2HvijphGQS2UmhUZewS9VgvxYIdgr+fG1A==}
    hasBin: true

  tslib@2.8.1:
    resolution: {integrity: sha512-oJFu94HQb+KVduSUQL7wnpmqnfmLsOA/nAh6b6EH0wCEoK0/mPeXU6c3wKDV83MkOuHPRHtSXKKU99IBazS/2w==}

  tweetnacl@1.0.3:
    resolution: {integrity: sha512-6rt+RN7aOi1nGMyC4Xa5DdYiukl2UWCbcJft7YhxReBGQD7OAM8Pbxw6YMo4r2diNEA8FEmu32YOn9rhaiE5yw==}

  util-deprecate@1.0.2:
    resolution: {integrity: sha512-EPD5q1uXyFxJpCrLnCc1nHnq3gOa6DZBocAIiI2TaSCA7VCJ1UJDMagCzIkXNsUYfD1daK//LTEQ8xiIbrHtcw==}

  webidl-conversions@3.0.1:
    resolution: {integrity: sha512-2JAn3z8AR6rjK8Sm8orRC0h/bcl/DqL7tRPdGZ4I1CjdF+EaMLmYxBHyXuKL849eucPFhvBoxMsflfOb8kxaeQ==}

  whatwg-url@5.0.0:
    resolution: {integrity: sha512-saE57nupxk6v3HY35+jzBwYa0rKSy0XR8JSxZPwgLr7ys0IBzhGviA1/TUGJLmSVqs8pb9AnvICXEuOHLprYTw==}

  wrap-ansi@7.0.0:
    resolution: {integrity: sha512-YVGIj2kamLSTxw6NsZjoBxfSwsn0ycdesmc4p+Q21c5zPuZ1pl+NfxVdxPtdHvmNVOQ6XSYG4AUtyt/Fi7D16Q==}
    engines: {node: '>=10'}

  xtend@4.0.2:
    resolution: {integrity: sha512-LKYU1iAXJXUgAXn9URjiu+MWhyUXHsvfp7mcuYm9dSUKK0/CjtrUwFAxD82/mCWbtLsGjFIad0wIsod4zrTAEQ==}
    engines: {node: '>=0.4'}

  y18n@5.0.8:
    resolution: {integrity: sha512-0pfFzegeDWJHJIAmTLRP2DwHjdF5s7jo9tuztdQxAhINCdvS+3nGINqPd00AphqJR/0LhANUS6/+7SCb98YOfA==}
    engines: {node: '>=10'}

  yargs-parser@21.1.1:
    resolution: {integrity: sha512-tVpsJW7DdjecAiFpbIB1e3qxIQsE6NoPc5/eTdrbbIC4h0LVsWhnoa3g+m2HclBIujHzsxZ4VJVA+GUuc2/LBw==}
    engines: {node: '>=12'}

  yargs@17.7.2:
    resolution: {integrity: sha512-7dSzzRQ++CKnNI/krKnYRV7JKKPUXMEh61soaHKg9mrWEhzFWhFnxPxGl+69cD1Ou63C13NUPCnmIcrvqCuM6w==}
    engines: {node: '>=12'}

snapshots:

  '@cbor-extract/cbor-extract-darwin-arm64@2.2.0':
    optional: true

  '@cbor-extract/cbor-extract-darwin-x64@2.2.0':
    optional: true

  '@cbor-extract/cbor-extract-linux-arm64@2.2.0':
    optional: true

  '@cbor-extract/cbor-extract-linux-arm@2.2.0':
    optional: true

  '@cbor-extract/cbor-extract-linux-x64@2.2.0':
    optional: true

  '@cbor-extract/cbor-extract-win32-x64@2.2.0':
    optional: true

  '@near-js/accounts@2.0.1(x3xwgfoeieoiwqwx5l3nol3npm)':
    dependencies:
      '@near-js/crypto': 2.0.1(@near-js/types@2.0.1)(@near-js/utils@2.0.1(@near-js/types@2.0.1))
      '@near-js/providers': 2.0.1(@near-js/crypto@2.0.1(@near-js/types@2.0.1)(@near-js/utils@2.0.1(@near-js/types@2.0.1)))(@near-js/transactions@2.0.1(@near-js/crypto@2.0.1(@near-js/types@2.0.1)(@near-js/utils@2.0.1(@near-js/types@2.0.1)))(@near-js/types@2.0.1)(@near-js/utils@2.0.1(@near-js/types@2.0.1)))(@near-js/types@2.0.1)(@near-js/utils@2.0.1(@near-js/types@2.0.1))
      '@near-js/signers': 2.0.1(@near-js/crypto@2.0.1(@near-js/types@2.0.1)(@near-js/utils@2.0.1(@near-js/types@2.0.1)))(@near-js/keystores@2.0.1(@near-js/crypto@2.0.1(@near-js/types@2.0.1)(@near-js/utils@2.0.1(@near-js/types@2.0.1)))(@near-js/types@2.0.1))(@near-js/transactions@2.0.1(@near-js/crypto@2.0.1(@near-js/types@2.0.1)(@near-js/utils@2.0.1(@near-js/types@2.0.1)))(@near-js/types@2.0.1)(@near-js/utils@2.0.1(@near-js/types@2.0.1)))
      '@near-js/tokens': 2.0.1
      '@near-js/transactions': 2.0.1(@near-js/crypto@2.0.1(@near-js/types@2.0.1)(@near-js/utils@2.0.1(@near-js/types@2.0.1)))(@near-js/types@2.0.1)(@near-js/utils@2.0.1(@near-js/types@2.0.1))
      '@near-js/types': 2.0.1
      '@near-js/utils': 2.0.1(@near-js/types@2.0.1)
      '@noble/hashes': 1.7.1
      borsh: 1.0.0
      depd: 2.0.0
      is-my-json-valid: 2.20.6
      lru_map: 0.4.1
      near-abi: 0.2.0

  '@near-js/client@2.0.1(n6i3er5cwaibmuy33fms6oggnm)':
    dependencies:
      '@near-js/accounts': 2.0.1(x3xwgfoeieoiwqwx5l3nol3npm)
      '@near-js/crypto': 2.0.1(@near-js/types@2.0.1)(@near-js/utils@2.0.1(@near-js/types@2.0.1))
      '@near-js/keystores': 2.0.1(@near-js/crypto@2.0.1(@near-js/types@2.0.1)(@near-js/utils@2.0.1(@near-js/types@2.0.1)))(@near-js/types@2.0.1)
      '@near-js/providers': 2.0.1(@near-js/crypto@2.0.1(@near-js/types@2.0.1)(@near-js/utils@2.0.1(@near-js/types@2.0.1)))(@near-js/transactions@2.0.1(@near-js/crypto@2.0.1(@near-js/types@2.0.1)(@near-js/utils@2.0.1(@near-js/types@2.0.1)))(@near-js/types@2.0.1)(@near-js/utils@2.0.1(@near-js/types@2.0.1)))(@near-js/types@2.0.1)(@near-js/utils@2.0.1(@near-js/types@2.0.1))
      '@near-js/signers': 2.0.1(@near-js/crypto@2.0.1(@near-js/types@2.0.1)(@near-js/utils@2.0.1(@near-js/types@2.0.1)))(@near-js/keystores@2.0.1(@near-js/crypto@2.0.1(@near-js/types@2.0.1)(@near-js/utils@2.0.1(@near-js/types@2.0.1)))(@near-js/types@2.0.1))(@near-js/transactions@2.0.1(@near-js/crypto@2.0.1(@near-js/types@2.0.1)(@near-js/utils@2.0.1(@near-js/types@2.0.1)))(@near-js/types@2.0.1)(@near-js/utils@2.0.1(@near-js/types@2.0.1)))
      '@near-js/transactions': 2.0.1(@near-js/crypto@2.0.1(@near-js/types@2.0.1)(@near-js/utils@2.0.1(@near-js/types@2.0.1)))(@near-js/types@2.0.1)(@near-js/utils@2.0.1(@near-js/types@2.0.1))
      '@near-js/types': 2.0.1
      '@near-js/utils': 2.0.1(@near-js/types@2.0.1)
      '@noble/hashes': 1.7.1

  '@near-js/crypto@2.0.1(@near-js/types@2.0.1)(@near-js/utils@2.0.1(@near-js/types@2.0.1))':
    dependencies:
      '@near-js/types': 2.0.1
      '@near-js/utils': 2.0.1(@near-js/types@2.0.1)
      '@noble/curves': 1.8.1
      borsh: 1.0.0
      randombytes: 2.1.0
      secp256k1: 5.0.1

  '@near-js/keystores-browser@2.0.1(@near-js/types@2.0.1)(@near-js/utils@2.0.1(@near-js/types@2.0.1))':
    dependencies:
      '@near-js/crypto': 2.0.1(@near-js/types@2.0.1)(@near-js/utils@2.0.1(@near-js/types@2.0.1))
      '@near-js/keystores': 2.0.1(@near-js/crypto@2.0.1(@near-js/types@2.0.1)(@near-js/utils@2.0.1(@near-js/types@2.0.1)))(@near-js/types@2.0.1)
    transitivePeerDependencies:
      - '@near-js/types'
      - '@near-js/utils'

  '@near-js/keystores-node@2.0.1(@near-js/crypto@2.0.1(@near-js/types@2.0.1)(@near-js/utils@2.0.1(@near-js/types@2.0.1)))(@near-js/keystores@2.0.1(@near-js/crypto@2.0.1(@near-js/types@2.0.1)(@near-js/utils@2.0.1(@near-js/types@2.0.1)))(@near-js/types@2.0.1))':
    dependencies:
      '@near-js/crypto': 2.0.1(@near-js/types@2.0.1)(@near-js/utils@2.0.1(@near-js/types@2.0.1))
      '@near-js/keystores': 2.0.1(@near-js/crypto@2.0.1(@near-js/types@2.0.1)(@near-js/utils@2.0.1(@near-js/types@2.0.1)))(@near-js/types@2.0.1)

  '@near-js/keystores@2.0.1(@near-js/crypto@2.0.1(@near-js/types@2.0.1)(@near-js/utils@2.0.1(@near-js/types@2.0.1)))(@near-js/types@2.0.1)':
    dependencies:
      '@near-js/crypto': 2.0.1(@near-js/types@2.0.1)(@near-js/utils@2.0.1(@near-js/types@2.0.1))
      '@near-js/types': 2.0.1

  '@near-js/providers@2.0.1(@near-js/crypto@2.0.1(@near-js/types@2.0.1)(@near-js/utils@2.0.1(@near-js/types@2.0.1)))(@near-js/transactions@2.0.1(@near-js/crypto@2.0.1(@near-js/types@2.0.1)(@near-js/utils@2.0.1(@near-js/types@2.0.1)))(@near-js/types@2.0.1)(@near-js/utils@2.0.1(@near-js/types@2.0.1)))(@near-js/types@2.0.1)(@near-js/utils@2.0.1(@near-js/types@2.0.1))':
    dependencies:
      '@near-js/crypto': 2.0.1(@near-js/types@2.0.1)(@near-js/utils@2.0.1(@near-js/types@2.0.1))
      '@near-js/transactions': 2.0.1(@near-js/crypto@2.0.1(@near-js/types@2.0.1)(@near-js/utils@2.0.1(@near-js/types@2.0.1)))(@near-js/types@2.0.1)(@near-js/utils@2.0.1(@near-js/types@2.0.1))
      '@near-js/types': 2.0.1
      '@near-js/utils': 2.0.1(@near-js/types@2.0.1)
      borsh: 1.0.0
      exponential-backoff: 3.1.2
    optionalDependencies:
      node-fetch: 2.6.7
    transitivePeerDependencies:
      - encoding

  '@near-js/signers@2.0.1(@near-js/crypto@2.0.1(@near-js/types@2.0.1)(@near-js/utils@2.0.1(@near-js/types@2.0.1)))(@near-js/keystores@2.0.1(@near-js/crypto@2.0.1(@near-js/types@2.0.1)(@near-js/utils@2.0.1(@near-js/types@2.0.1)))(@near-js/types@2.0.1))(@near-js/transactions@2.0.1(@near-js/crypto@2.0.1(@near-js/types@2.0.1)(@near-js/utils@2.0.1(@near-js/types@2.0.1)))(@near-js/types@2.0.1)(@near-js/utils@2.0.1(@near-js/types@2.0.1)))':
    dependencies:
      '@near-js/crypto': 2.0.1(@near-js/types@2.0.1)(@near-js/utils@2.0.1(@near-js/types@2.0.1))
      '@near-js/keystores': 2.0.1(@near-js/crypto@2.0.1(@near-js/types@2.0.1)(@near-js/utils@2.0.1(@near-js/types@2.0.1)))(@near-js/types@2.0.1)
      '@near-js/transactions': 2.0.1(@near-js/crypto@2.0.1(@near-js/types@2.0.1)(@near-js/utils@2.0.1(@near-js/types@2.0.1)))(@near-js/types@2.0.1)(@near-js/utils@2.0.1(@near-js/types@2.0.1))
      '@noble/hashes': 1.7.1
      borsh: 1.0.0

  '@near-js/tokens@2.0.1': {}

  '@near-js/transactions@2.0.1(@near-js/crypto@2.0.1(@near-js/types@2.0.1)(@near-js/utils@2.0.1(@near-js/types@2.0.1)))(@near-js/types@2.0.1)(@near-js/utils@2.0.1(@near-js/types@2.0.1))':
    dependencies:
      '@near-js/crypto': 2.0.1(@near-js/types@2.0.1)(@near-js/utils@2.0.1(@near-js/types@2.0.1))
      '@near-js/types': 2.0.1
      '@near-js/utils': 2.0.1(@near-js/types@2.0.1)
      '@noble/hashes': 1.7.1
      borsh: 1.0.0

  '@near-js/types@2.0.1': {}

  '@near-js/utils@2.0.1(@near-js/types@2.0.1)':
    dependencies:
      '@near-js/types': 2.0.1
      '@scure/base': 1.2.5
      depd: 2.0.0
      mustache: 4.0.0

  '@noble/curves@1.8.1':
    dependencies:
      '@noble/hashes': 1.7.1

  '@noble/hashes@1.7.1': {}

  '@scure/base@1.2.5': {}

  '@types/json-schema@7.0.15': {}

  '@types/node@11.11.6': {}

  ansi-regex@5.0.1: {}

  ansi-styles@4.3.0:
    dependencies:
      color-convert: 2.0.1

  base-x@3.0.11:
    dependencies:
      safe-buffer: 5.2.1

  bip39-light@1.0.7:
    dependencies:
      create-hash: 1.2.0
      pbkdf2: 3.1.2

  bip39@3.0.2:
    dependencies:
      '@types/node': 11.11.6
      create-hash: 1.2.0
      pbkdf2: 3.1.2
      randombytes: 2.1.0

  bn.js@4.12.2: {}

  borsh@1.0.0: {}

  brorand@1.1.0: {}

  bs58@4.0.1:
    dependencies:
      base-x: 3.0.11

  cbor-extract@2.2.0:
    dependencies:
      node-gyp-build-optional-packages: 5.1.1
    optionalDependencies:
      '@cbor-extract/cbor-extract-darwin-arm64': 2.2.0
      '@cbor-extract/cbor-extract-darwin-x64': 2.2.0
      '@cbor-extract/cbor-extract-linux-arm': 2.2.0
      '@cbor-extract/cbor-extract-linux-arm64': 2.2.0
      '@cbor-extract/cbor-extract-linux-x64': 2.2.0
      '@cbor-extract/cbor-extract-win32-x64': 2.2.0
    optional: true

  cbor-x@1.6.0:
    optionalDependencies:
      cbor-extract: 2.2.0

  chalk@4.1.2:
    dependencies:
      ansi-styles: 4.3.0
      supports-color: 7.2.0

  cipher-base@1.0.6:
    dependencies:
      inherits: 2.0.4
      safe-buffer: 5.2.1

  cliui@8.0.1:
    dependencies:
      string-width: 4.2.3
      strip-ansi: 6.0.1
      wrap-ansi: 7.0.0

  color-convert@2.0.1:
    dependencies:
      color-name: 1.1.4

  color-name@1.1.4: {}

  concurrently@9.1.2:
    dependencies:
      chalk: 4.1.2
      lodash: 4.17.21
      rxjs: 7.8.2
      shell-quote: 1.8.2
      supports-color: 8.1.1
      tree-kill: 1.2.2
      yargs: 17.7.2

  create-hash@1.2.0:
    dependencies:
      cipher-base: 1.0.6
      inherits: 2.0.4
      md5.js: 1.3.5
      ripemd160: 2.0.2
      sha.js: 2.4.11

  create-hmac@1.1.7:
    dependencies:
      cipher-base: 1.0.6
      create-hash: 1.2.0
      inherits: 2.0.4
      ripemd160: 2.0.2
      safe-buffer: 5.2.1
      sha.js: 2.4.11

  depd@2.0.0: {}

  detect-libc@2.0.4:
    optional: true

  dotenv@16.5.0: {}

  elliptic@6.6.1:
    dependencies:
      bn.js: 4.12.2
      brorand: 1.1.0
      hash.js: 1.1.7
      hmac-drbg: 1.0.1
      inherits: 2.0.4
      minimalistic-assert: 1.0.1
      minimalistic-crypto-utils: 1.0.1

  emoji-regex@8.0.0: {}

  escalade@3.2.0: {}

  exponential-backoff@3.1.2: {}

  generate-function@2.3.1:
    dependencies:
      is-property: 1.0.2

  generate-object-property@1.2.0:
    dependencies:
      is-property: 1.0.2

  get-caller-file@2.0.5: {}

  has-flag@4.0.0: {}

  hash-base@3.1.0:
    dependencies:
      inherits: 2.0.4
      readable-stream: 3.6.2
      safe-buffer: 5.2.1

  hash.js@1.1.7:
    dependencies:
      inherits: 2.0.4
      minimalistic-assert: 1.0.1

  hmac-drbg@1.0.1:
    dependencies:
      hash.js: 1.1.7
      minimalistic-assert: 1.0.1
      minimalistic-crypto-utils: 1.0.1

  inherits@2.0.4: {}

  is-fullwidth-code-point@3.0.0: {}

  is-my-ip-valid@1.0.1: {}

  is-my-json-valid@2.20.6:
    dependencies:
      generate-function: 2.3.1
      generate-object-property: 1.2.0
      is-my-ip-valid: 1.0.1
      jsonpointer: 5.0.1
      xtend: 4.0.2

  is-property@1.0.2: {}

  jsonpointer@5.0.1: {}

  lodash@4.17.21: {}

  lru_map@0.4.1: {}

  md5.js@1.3.5:
    dependencies:
      hash-base: 3.1.0
      inherits: 2.0.4
      safe-buffer: 5.2.1

  minimalistic-assert@1.0.1: {}

  minimalistic-crypto-utils@1.0.1: {}

  mustache@4.0.0: {}

  near-abi@0.2.0:
    dependencies:
      '@types/json-schema': 7.0.15

  near-hd-key@1.2.1:
    dependencies:
      bip39: 3.0.2
      create-hmac: 1.1.7
      tweetnacl: 1.0.3

  near-seed-phrase@0.2.1:
    dependencies:
      bip39-light: 1.0.7
      bs58: 4.0.1
      near-hd-key: 1.2.1
      tweetnacl: 1.0.3

  node-addon-api@5.1.0: {}

  node-fetch@2.6.7:
    dependencies:
      whatwg-url: 5.0.0
    optional: true

  node-gyp-build-optional-packages@5.1.1:
    dependencies:
      detect-libc: 2.0.4
    optional: true

  node-gyp-build@4.8.4: {}

  pbkdf2@3.1.2:
    dependencies:
      create-hash: 1.2.0
      create-hmac: 1.1.7
      ripemd160: 2.0.2
      safe-buffer: 5.2.1
      sha.js: 2.4.11

  randombytes@2.1.0:
    dependencies:
      safe-buffer: 5.2.1

  readable-stream@3.6.2:
    dependencies:
      inherits: 2.0.4
      string_decoder: 1.3.0
      util-deprecate: 1.0.2

  require-directory@2.1.1: {}

  ripemd160@2.0.2:
    dependencies:
      hash-base: 3.1.0
      inherits: 2.0.4

  rxjs@7.8.2:
    dependencies:
      tslib: 2.8.1

  safe-buffer@5.2.1: {}

  secp256k1@5.0.1:
    dependencies:
      elliptic: 6.6.1
      node-addon-api: 5.1.0
      node-gyp-build: 4.8.4

  sha.js@2.4.11:
    dependencies:
      inherits: 2.0.4
      safe-buffer: 5.2.1

  shell-quote@1.8.2: {}

  string-width@4.2.3:
    dependencies:
      emoji-regex: 8.0.0
      is-fullwidth-code-point: 3.0.0
      strip-ansi: 6.0.1

  string_decoder@1.3.0:
    dependencies:
      safe-buffer: 5.2.1

  strip-ansi@6.0.1:
    dependencies:
      ansi-regex: 5.0.1

  supports-color@7.2.0:
    dependencies:
      has-flag: 4.0.0

  supports-color@8.1.1:
    dependencies:
      has-flag: 4.0.0

  tr46@0.0.3:
    optional: true

  tree-kill@1.2.2: {}

  tslib@2.8.1: {}

  tweetnacl@1.0.3: {}

  util-deprecate@1.0.2: {}

  webidl-conversions@3.0.1:
    optional: true

  whatwg-url@5.0.0:
    dependencies:
      tr46: 0.0.3
      webidl-conversions: 3.0.1
    optional: true

  wrap-ansi@7.0.0:
    dependencies:
      ansi-styles: 4.3.0
      string-width: 4.2.3
      strip-ansi: 6.0.1

  xtend@4.0.2: {}

  y18n@5.0.8: {}

  yargs-parser@21.1.1: {}

  yargs@17.7.2:
    dependencies:
      cliui: 8.0.1
      escalade: 3.2.0
      get-caller-file: 2.0.5
      require-directory: 2.1.1
      string-width: 4.2.3
      y18n: 5.0.8
      yargs-parser: 21.1.1
